{
  "name": "ChitChatter",
  "lockfileVersion": 3,
  "requires": true,
  "packages": {
    "": {
      "devDependencies": {
        "globals": "^15.2.0"
      }
    },
    "node_modules/globals": {
      "version": "15.2.0",
      "resolved": "https://registry.npmjs.org/globals/-/globals-15.2.0.tgz",
      "integrity": "sha512-FQ5YwCHZM3nCmtb5FzEWwdUc9K5d3V/w9mzcz8iGD1gC/aOTHc6PouYu0kkKipNJqHAT7m51sqzQjEjIP+cK0A==",
      "dev": true,
      "engines": {
        "node": ">=18"
      },
      "funding": {
        "url": "https://github.com/sponsors/sindresorhus"
      }
    }
  }
}
