# THIS IS AN AUTOGENERATED FILE. DO NOT EDIT THIS FILE DIRECTLY.
# yarn lockfile v1


globals@^15.2.0:
  version "15.2.0"
  resolved "https://registry.yarnpkg.com/globals/-/globals-15.2.0.tgz#fbcea7f8964a71d8c6e6867ddadb9788ae1083d8"
  integrity sha512-FQ5YwCHZM3nCmtb5FzEWwdUc9K5d3V/w9mzcz8iGD1gC/aOTHc6PouYu0kkKipNJqHAT7m51sqzQjEjIP+cK0A==
